
Microsoft Visual Studio Solution File, Format Version 12.00
# Visual Studio Version 17
VisualStudioVersion = 17.14.36127.28
MinimumVisualStudioVersion = 10.0.40219.1
Project("{FAE04EC0-301F-11D3-BF4B-00C04F79EFBC}") = "ConsoleApp", "ConsoleApp\ConsoleApp.csproj", "{542CE85A-9BFE-472E-82A0-6BB5A687C395}"
EndProject
Project("{FAE04EC0-301F-11D3-BF4B-00C04F79EFBC}") = "ClassLibrary", "ClassLibrary\ClassLibrary.csproj", "{A371DFC7-0076-43A5-8096-761E9703E4E6}"
EndProject
Global
	GlobalSection(SolutionConfigurationPlatforms) = preSolution
		Debug|Any CPU = Debug|Any CPU
		Release|Any CPU = Release|Any CPU
	EndGlobalSection
	GlobalSection(ProjectConfigurationPlatforms) = postSolution
		{542CE85A-9BFE-472E-82A0-6BB5A687C395}.Debug|Any CPU.ActiveCfg = Debug|Any CPU
		{542CE85A-9BFE-472E-82A0-6BB5A687C395}.Debug|Any CPU.Build.0 = Debug|Any CPU
		{542CE85A-9BFE-472E-82A0-6BB5A687C395}.Release|Any CPU.ActiveCfg = Release|Any CPU
		{542CE85A-9BFE-472E-82A0-6BB5A687C395}.Release|Any CPU.Build.0 = Release|Any CPU
		{A371DFC7-0076-43A5-8096-761E9703E4E6}.Debug|Any CPU.ActiveCfg = Debug|Any CPU
		{A371DFC7-0076-43A5-8096-761E9703E4E6}.Debug|Any CPU.Build.0 = Debug|Any CPU
		{A371DFC7-0076-43A5-8096-761E9703E4E6}.Release|Any CPU.ActiveCfg = Release|Any CPU
		{A371DFC7-0076-43A5-8096-761E9703E4E6}.Release|Any CPU.Build.0 = Release|Any CPU
	EndGlobalSection
	GlobalSection(SolutionProperties) = preSolution
		HideSolutionNode = FALSE
	EndGlobalSection
	GlobalSection(ExtensibilityGlobals) = postSolution
		SolutionGuid = {C87B73A4-BB59-453A-B410-A10D1420B1BE}
	EndGlobalSection
EndGlobal
